
Microsoft Visual Studio Solution File, Format Version 12.00
# Visual Studio Version 17
VisualStudioVersion = 17.12.35527.113 d17.12
MinimumVisualStudioVersion = 10.0.40219.1
Project("{FAE04EC0-301F-11D3-BF4B-00C04F79EFBC}") = "Nationala2016", "Nationala2016\Nationala2016.csproj", "{9C399E28-2DA4-4A78-ACF4-22AD5F919E05}"
EndProject
Global
	GlobalSection(SolutionConfigurationPlatforms) = preSolution
		Debug|Any CPU = Debug|Any CPU
		Release|Any CPU = Release|Any CPU
	EndGlobalSection
	GlobalSection(ProjectConfigurationPlatforms) = postSolution
		{9C399E28-2DA4-4A78-ACF4-22AD5F919E05}.Debug|Any CPU.ActiveCfg = Debug|Any CPU
		{9C399E28-2DA4-4A78-ACF4-22AD5F919E05}.Debug|Any CPU.Build.0 = Debug|Any CPU
		{9C399E28-2DA4-4A78-ACF4-22AD5F919E05}.Release|Any CPU.ActiveCfg = Release|Any CPU
		{9C399E28-2DA4-4A78-ACF4-22AD5F919E05}.Release|Any CPU.Build.0 = Release|Any CPU
	EndGlobalSection
	GlobalSection(SolutionProperties) = preSolution
		HideSolutionNode = FALSE
	EndGlobalSection
EndGlobal
